<?xml version="1.0" encoding="utf-8"?>
<Project ToolsVersion="4.0" xmlns="http://schemas.microsoft.com/developer/msbuild/2003">
  <ItemGroup>
    <Filter Include="Source Files">
      <UniqueIdentifier>{4FC737F1-C7A5-4376-A066-2A32D752A2FF}</UniqueIdentifier>
      <Extensions>cpp;c;cc;cxx;def;odl;idl;hpj;bat;asm;asmx</Extensions>
    </Filter>
    <Filter Include="Header Files">
      <UniqueIdentifier>{93995380-89BD-4b04-88EB-625FBE52EBFB}</UniqueIdentifier>
      <Extensions>h;hh;hpp;hxx;hm;inl;inc;xsd</Extensions>
    </Filter>
    <Filter Include="Resource Files">
      <UniqueIdentifier>{67DA6AB6-F800-4c08-8B7A-83BB121AAD01}</UniqueIdentifier>
      <Extensions>rc;ico;cur;bmp;dlg;rc2;rct;bin;rgs;gif;jpg;jpeg;jpe;resx;tiff;tif;png;wav;mfcribbon-ms</Extensions>
    </Filter>
    <Filter Include="Header Files\Public">
      <UniqueIdentifier>{fc674d38-0479-4488-99ea-51776b892cc9}</UniqueIdentifier>
    </Filter>
    <Filter Include="Header Files\Private">
      <UniqueIdentifier>{1fc0d783-9f38-43c2-8759-4baa3748ed18}</UniqueIdentifier>
    </Filter>
    <Filter Include="Source Files\event_parsers">
      <UniqueIdentifier>{46bfd95b-e3d2-4f85-9e82-99c70c68a177}</UniqueIdentifier>
    </Filter>
    <Filter Include="Header Files\Public\event_parsers">
      <UniqueIdentifier>{b1d814ba-aae9-431f-bb9d-62974d779e12}</UniqueIdentifier>
    </Filter>
    <Filter Include="Header Files\Public\parsed_events">
      <UniqueIdentifier>{c1939a43-d577-4596-b734-00e286f72a50}</UniqueIdentifier>
    </Filter>
    <Filter Include="Header Files\Public\parsed_events\process">
      <UniqueIdentifier>{ad469cad-9588-4497-bac6-4b4e3512f559}</UniqueIdentifier>
    </Filter>
    <Filter Include="Source Files\parsed_events">
      <UniqueIdentifier>{da620a97-ad8a-48ad-90bf-e1a0ce99140b}</UniqueIdentifier>
    </Filter>
    <Filter Include="Source Files\parsed_events\process">
      <UniqueIdentifier>{6062960b-31f2-46ab-9928-aec1772be09b}</UniqueIdentifier>
    </Filter>
    <Filter Include="Source Files\parsed_events\image">
      <UniqueIdentifier>{3156552b-2e76-4faf-8577-f9a2273b4545}</UniqueIdentifier>
    </Filter>
    <Filter Include="Header Files\Public\parsed_events\image">
      <UniqueIdentifier>{ad6509c0-de53-4a5f-8510-5523d6e425d9}</UniqueIdentifier>
    </Filter>
  </ItemGroup>
  <ItemGroup>
    <ClCompile Include="..\..\..\src\ETW\properties.cpp">
      <Filter>Source Files</Filter>
    </ClCompile>
    <ClCompile Include="..\..\..\src\etw\status.cpp">
      <Filter>Source Files</Filter>
    </ClCompile>
    <ClCompile Include="..\..\..\src\etw\properties_buffer.cpp">
      <Filter>Source Files</Filter>
    </ClCompile>
    <ClCompile Include="..\..\..\src\ETW\event.cpp">
      <Filter>Source Files</Filter>
    </ClCompile>
    <ClCompile Include="..\..\..\src\ETW\event_parser.cpp">
      <Filter>Source Files</Filter>
    </ClCompile>
    <ClCompile Include="..\..\..\src\etw\guid_comparator.cpp">
      <Filter>Source Files</Filter>
    </ClCompile>
    <ClCompile Include="..\..\..\src\etw\session_trace.cpp">
      <Filter>Source Files</Filter>
    </ClCompile>
    <ClCompile Include="..\..\..\src\etw\session.cpp">
      <Filter>Source Files</Filter>
    </ClCompile>
    <ClCompile Include="..\..\..\src\etw\session.cpp">
      <Filter>Source Files</Filter>
    </ClCompile>
    <ClCompile Include="..\..\..\src\etw\event_parser_process.cpp">
      <Filter>Source Files\event_parsers</Filter>
    </ClCompile>
    <ClCompile Include="..\..\..\src\etw\parsed_event.cpp">
      <Filter>Source Files</Filter>
    </ClCompile>
    <ClCompile Include="..\..\..\src\etw\session_global.cpp">
      <Filter>Source Files</Filter>
    </ClCompile>
    <ClCompile Include="..\..\..\src\etw\controller.cpp">
      <Filter>Source Files</Filter>
    </ClCompile>
    <ClCompile Include="..\..\..\src\etw\process_v4.cpp">
      <Filter>Source Files\parsed_events\process</Filter>
    </ClCompile>
    <ClCompile Include="..\..\..\src\etw\process.cpp">
      <Filter>Source Files\parsed_events\process</Filter>
    </ClCompile>
    <ClCompile Include="..\..\..\src\etw\image.cpp">
      <Filter>Source Files\parsed_events\image</Filter>
    </ClCompile>
    <ClCompile Include="..\..\..\src\etw\event_parser_image.cpp">
      <Filter>Source Files\event_parsers</Filter>
    </ClCompile>
    <ClCompile Include="..\..\..\src\etw\image_v3.cpp">
      <Filter>Source Files\parsed_events\image</Filter>
    </ClCompile>
  </ItemGroup>
  <ItemGroup>
    <ClInclude Include="..\..\..\src\etw\inc\properties_buffer.h">
      <Filter>Header Files\Private</Filter>
    </ClInclude>
    <ClInclude Include="..\..\..\inc\etw\properties.h">
      <Filter>Header Files\Public</Filter>
    </ClInclude>
    <ClInclude Include="..\..\..\inc\etw\status.h">
      <Filter>Header Files\Public</Filter>
    </ClInclude>
    <ClInclude Include="..\..\..\inc\etw\controller.h">
      <Filter>Header Files\Public</Filter>
    </ClInclude>
    <ClInclude Include="..\..\..\inc\ETW\event.h">
      <Filter>Header Files\Public</Filter>
    </ClInclude>
    <ClInclude Include="..\..\..\src\etw\inc\session_trace.h">
      <Filter>Header Files\Private</Filter>
    </ClInclude>
    <ClInclude Include="..\..\..\inc\etw\session.h">
      <Filter>Header Files\Public</Filter>
    </ClInclude>
    <ClInclude Include="..\..\..\inc\etw\event_parsers_process.h">
      <Filter>Header Files\Public\event_parsers</Filter>
    </ClInclude>
    <ClInclude Include="..\..\..\inc\ETW\parsed_event.h">
      <Filter>Header Files\Public</Filter>
    </ClInclude>
    <ClInclude Include="..\..\..\inc\ETW\event_parser.h">
      <Filter>Header Files\Public</Filter>
    </ClInclude>
    <ClInclude Include="..\..\..\inc\etw\process_v4.h">
      <Filter>Header Files\Public\parsed_events\process</Filter>
    </ClInclude>
    <ClInclude Include="..\..\..\inc\etw\guid_comparator.h">
      <Filter>Header Files\Public</Filter>
    </ClInclude>
    <ClInclude Include="..\..\..\src\etw\inc\session_global.h">
      <Filter>Header Files\Private</Filter>
    </ClInclude>
    <ClInclude Include="..\..\..\inc\etw\event_parsers_image.h">
      <Filter>Header Files\Public\event_parsers</Filter>
    </ClInclude>
    <ClInclude Include="..\..\..\inc\etw\image.h">
      <Filter>Header Files\Public\parsed_events\image</Filter>
    </ClInclude>
    <ClInclude Include="..\..\..\inc\etw\process.h">
      <Filter>Header Files\Public\parsed_events\process</Filter>
    </ClInclude>
    <ClInclude Include="..\..\..\inc\etw\image_v3.h">
      <Filter>Header Files\Public\parsed_events\image</Filter>
    </ClInclude>
  </ItemGroup>
</Project>