<?xml version="1.0" encoding="utf-8"?>
<Project ToolsVersion="4.0" xmlns="http://schemas.microsoft.com/developer/msbuild/2003">
  <ItemGroup>
    <Filter Include="Source Files">
      <UniqueIdentifier>{4FC737F1-C7A5-4376-A066-2A32D752A2FF}</UniqueIdentifier>
      <Extensions>cpp;c;cc;cxx;def;odl;idl;hpj;bat;asm;asmx</Extensions>
    </Filter>
    <Filter Include="Header Files">
      <UniqueIdentifier>{93995380-89BD-4b04-88EB-625FBE52EBFB}</UniqueIdentifier>
      <Extensions>h;hh;hpp;hxx;hm;inl;inc;xsd</Extensions>
    </Filter>
    <Filter Include="Resource Files">
      <UniqueIdentifier>{67DA6AB6-F800-4c08-8B7A-83BB121AAD01}</UniqueIdentifier>
      <Extensions>rc;ico;cur;bmp;dlg;rc2;rct;bin;rgs;gif;jpg;jpeg;jpe;resx;tiff;tif;png;wav;mfcribbon-ms</Extensions>
    </Filter>
    <Filter Include="Header Files\Public">
      <UniqueIdentifier>{fc674d38-0479-4488-99ea-51776b892cc9}</UniqueIdentifier>
    </Filter>
    <Filter Include="Header Files\Private">
      <UniqueIdentifier>{1fc0d783-9f38-43c2-8759-4baa3748ed18}</UniqueIdentifier>
    </Filter>
  </ItemGroup>
  <ItemGroup>
    <ClCompile Include="..\..\..\src\ETW\properties.cpp">
      <Filter>Source Files</Filter>
    </ClCompile>
    <ClCompile Include="..\..\..\src\etw\controller_ctx.cpp">
      <Filter>Source Files</Filter>
    </ClCompile>
    <ClCompile Include="..\..\..\src\etw\status.cpp">
      <Filter>Source Files</Filter>
    </ClCompile>
    <ClCompile Include="..\..\..\src\etw\properties_buffer.cpp">
      <Filter>Source Files</Filter>
    </ClCompile>
    <ClCompile Include="..\..\..\src\etw\controller.cpp">
      <Filter>Source Files</Filter>
    </ClCompile>
    <ClCompile Include="..\..\..\src\ETW\event.cpp">
      <Filter>Source Files</Filter>
    </ClCompile>
    <ClCompile Include="..\..\..\src\ETW\event_parser.cpp">
      <Filter>Source Files</Filter>
    </ClCompile>
    <ClCompile Include="..\..\..\src\etw\guid_comparator.cpp">
      <Filter>Source Files</Filter>
    </ClCompile>
    <ClCompile Include="..\..\..\src\etw\session_trace.cpp">
      <Filter>Source Files</Filter>
    </ClCompile>
    <ClCompile Include="..\..\..\src\etw\session.cpp">
      <Filter>Source Files</Filter>
    </ClCompile>
    <ClCompile Include="..\..\..\src\etw\session.cpp">
      <Filter>Source Files</Filter>
    </ClCompile>
  </ItemGroup>
  <ItemGroup>
    <ClInclude Include="..\..\..\src\etw\inc\properties_buffer.h">
      <Filter>Header Files\Private</Filter>
    </ClInclude>
    <ClInclude Include="..\..\..\inc\etw\properties.h">
      <Filter>Header Files\Public</Filter>
    </ClInclude>
    <ClInclude Include="..\..\..\src\etw\inc\controller_ctx.h">
      <Filter>Header Files\Private</Filter>
    </ClInclude>
    <ClInclude Include="..\..\..\inc\etw\status.h">
      <Filter>Header Files\Public</Filter>
    </ClInclude>
    <ClInclude Include="..\..\..\inc\etw\controller.h">
      <Filter>Header Files\Public</Filter>
    </ClInclude>
    <ClInclude Include="..\..\..\inc\ETW\event.h">
      <Filter>Header Files\Public</Filter>
    </ClInclude>
    <ClInclude Include="..\..\..\inc\ETW\event_parser.h">
      <Filter>Header Files\Public</Filter>
    </ClInclude>
    <ClInclude Include="..\..\..\inc\ETW\parsed_event.h">
      <Filter>Header Files\Public</Filter>
    </ClInclude>
    <ClInclude Include="..\..\..\src\etw\inc\guid_comparator.h">
      <Filter>Header Files\Private</Filter>
    </ClInclude>
    <ClInclude Include="..\..\..\src\etw\inc\session_trace.h">
      <Filter>Header Files\Private</Filter>
    </ClInclude>
    <ClInclude Include="..\..\..\inc\etw\session.h">
      <Filter>Header Files\Public</Filter>
    </ClInclude>
  </ItemGroup>
</Project>